#
# This file is autogenerated by pip-compile with Python 3.12
# by the following command:
#
#    pip-compile --extra=dev --no-emit-index-url --no-index --output-file=requirements-dev.lock --strip-extras pyproject.toml
#
awswrangler==3.17.1
    # via bigdata-ingestion (pyproject.toml)
boto3==1.43.106
    # via
    #   awswrangler
    #   moto
botocore==1.43.106
    # via
    #   awswrangler
    #   boto3
    #   moto
    #   s3transfer
certifi==2026.7.22
    # via requests
cffi==2.1.1
    # via cryptography
charset-normalizer==3.5.2
    # via requests
cryptography==50.0.2
    # via moto
idna==3.20
    # via requests
iniconfig==2.3.0
    # via pytest
jmespath==1.1.0
    # via
    #   boto3
    #   botocore
lz4==4.4.5
    # via trino
markupsafe==3.0.3
    # via werkzeug
moto==5.2.3
    # via bigdata-ingestion (pyproject.toml)
numpy==2.5.3
    # via
    #   awswrangler
    #   pandas
orjson==3.12.0
    # via trino
packaging==26.3
    # via
    #   awswrangler
    #   pytest
pandas==3.0.6
    # via
    #   awswrangler
    #   bigdata-ingestion (pyproject.toml)
pluggy==1.6.0
    # via pytest
py-partiql-parser==0.6.3
    # via moto
pyarrow==25.0.1
    # via
    #   awswrangler
    #   bigdata-ingestion (pyproject.toml)
pycparser==3.0
    # via cffi
pygments==2.21.0
    # via pytest
pytest==9.1.1
    # via bigdata-ingestion (pyproject.toml)
python-dateutil==2.9.0.post0
    # via
    #   botocore
    #   pandas
    #   trino
pytz==2026.4
    # via trino
pyyaml==6.0.3
    # via
    #   moto
    #   responses
requests==2.34.2
    # via
    #   bigdata-ingestion (pyproject.toml)
    #   moto
    #   responses
    #   trino
responses==0.26.3
    # via
    #   bigdata-ingestion (pyproject.toml)
    #   moto
ruff==0.16.9
    # via bigdata-ingestion (pyproject.toml)
s3transfer==0.19.2
    # via boto3
six==1.17.0
    # via python-dateutil
trino==0.340.0
    # via bigdata-ingestion (pyproject.toml)
typing-extensions==4.16.0
    # via awswrangler
tzlocal==5.4.4
    # via trino
urllib3==2.8.0
    # via
    #   botocore
    #   requests
    #   responses
werkzeug==3.1.9
    # via moto
xmltodict==1.0.4
    # via moto
zstandard==0.25.0
    # via trino

# The following packages are considered to be unsafe in a requirements file:
# setuptools
